
Microsoft Visual Studio Solution File, Format Version 12.00
# Visual Studio Version 16
VisualStudioVersion = 16.0.29728.190
MinimumVisualStudioVersion = 10.0.40219.1
Project("{FAE04EC0-301F-11D3-BF4B-00C04F79EFBC}") = "ExtensionConvert", "ExtensionConvert\ExtensionConvert.csproj", "{AAED5650-1FB2-493D-BBB1-C83F0C56823A}"
EndProject
Project("{54435603-DBB4-11D2-8724-00A0C9A8B90C}") = "ExtensionConvertSetup", "ExtensionConvertSetup\ExtensionConvertSetup.vdproj", "{84DB8679-9EA6-4FB3-9425-AE381BEC0AFF}"
EndProject
Global
	GlobalSection(SolutionConfigurationPlatforms) = preSolution
		Debug|Any CPU = Debug|Any CPU
		Debug|x64 = Debug|x64
		Release|Any CPU = Release|Any CPU
		Release|x64 = Release|x64
	EndGlobalSection
	GlobalSection(ProjectConfigurationPlatforms) = postSolution
		{AAED5650-1FB2-493D-BBB1-C83F0C56823A}.Debug|Any CPU.ActiveCfg = Debug|Any CPU
		{AAED5650-1FB2-493D-BBB1-C83F0C56823A}.Debug|Any CPU.Build.0 = Debug|Any CPU
		{AAED5650-1FB2-493D-BBB1-C83F0C56823A}.Debug|x64.ActiveCfg = Debug|x64
		{AAED5650-1FB2-493D-BBB1-C83F0C56823A}.Debug|x64.Build.0 = Debug|x64
		{AAED5650-1FB2-493D-BBB1-C83F0C56823A}.Release|Any CPU.ActiveCfg = Release|Any CPU
		{AAED5650-1FB2-493D-BBB1-C83F0C56823A}.Release|Any CPU.Build.0 = Release|Any CPU
		{AAED5650-1FB2-493D-BBB1-C83F0C56823A}.Release|x64.ActiveCfg = Release|x64
		{AAED5650-1FB2-493D-BBB1-C83F0C56823A}.Release|x64.Build.0 = Release|x64
		{84DB8679-9EA6-4FB3-9425-AE381BEC0AFF}.Debug|Any CPU.ActiveCfg = Debug
		{84DB8679-9EA6-4FB3-9425-AE381BEC0AFF}.Debug|x64.ActiveCfg = Debug
		{84DB8679-9EA6-4FB3-9425-AE381BEC0AFF}.Release|Any CPU.ActiveCfg = Release
		{84DB8679-9EA6-4FB3-9425-AE381BEC0AFF}.Release|x64.ActiveCfg = Release
	EndGlobalSection
	GlobalSection(SolutionProperties) = preSolution
		HideSolutionNode = FALSE
	EndGlobalSection
	GlobalSection(ExtensibilityGlobals) = postSolution
		SolutionGuid = {883D6DC3-F740-4355-86BE-C1C0DC5E518A}
	EndGlobalSection
EndGlobal
