
Microsoft Visual Studio Solution File, Format Version 12.00
# Visual Studio Version 16
VisualStudioVersion = 16.0.30128.74
MinimumVisualStudioVersion = 10.0.40219.1
Project("{FAE04EC0-301F-11D3-BF4B-00C04F79EFBC}") = "OrthogonalTable", "OrthogonalTable\OrthogonalTable.csproj", "{F6D9BB73-15AB-4198-A08E-53BA546DF27D}"
EndProject
Global
	GlobalSection(SolutionConfigurationPlatforms) = preSolution
		Debug|Any CPU = Debug|Any CPU
		Release|Any CPU = Release|Any CPU
	EndGlobalSection
	GlobalSection(ProjectConfigurationPlatforms) = postSolution
		{F6D9BB73-15AB-4198-A08E-53BA546DF27D}.Debug|Any CPU.ActiveCfg = Debug|Any CPU
		{F6D9BB73-15AB-4198-A08E-53BA546DF27D}.Debug|Any CPU.Build.0 = Debug|Any CPU
		{F6D9BB73-15AB-4198-A08E-53BA546DF27D}.Release|Any CPU.ActiveCfg = Release|Any CPU
		{F6D9BB73-15AB-4198-A08E-53BA546DF27D}.Release|Any CPU.Build.0 = Release|Any CPU
	EndGlobalSection
	GlobalSection(SolutionProperties) = preSolution
		HideSolutionNode = FALSE
	EndGlobalSection
	GlobalSection(ExtensibilityGlobals) = postSolution
		SolutionGuid = {70975ECA-91BA-48A9-A356-2AB3FBB8BE73}
	EndGlobalSection
EndGlobal
